# THIS IS AN AUTOGENERATED FILE. DO NOT EDIT THIS FILE DIRECTLY.
# yarn lockfile v1


base64-js@^1.5.1:
  version "1.5.1"
  resolved "https://registry.yarnpkg.com/base64-js/-/base64-js-1.5.1.tgz#1b1b440160a5bf7ad40b650f095963481903930a"
  integrity sha512-AKpaYlHn8t4SVbOHCy+b5+KKgvR4vrsD8vbvrbiQJps7fKDTkjkDry6ji0rUJjC0kzbNePLwzxq8iypo41qeWA==

big-integer@1.6.x:
  version "1.6.51"
  resolved "https://registry.yarnpkg.com/big-integer/-/big-integer-1.6.51.tgz#0df92a5d9880560d3ff2d5fd20245c889d130686"
  integrity sha512-GPEid2Y9QU1Exl1rpO9B2IPJGHPSupF5GnVIP0blYvNOMer2bTvSWs1jGOUg04hTmu67nmLsQ9TBo1puaotBHg==

bplist-creator@0.1.0:
  version "0.1.0"
  resolved "https://registry.yarnpkg.com/bplist-creator/-/bplist-creator-0.1.0.tgz#018a2d1b587f769e379ef5519103730f8963ba1e"
  integrity sha512-sXaHZicyEEmY86WyueLTQesbeoH/mquvarJaQNbjuOQO+7gbFcDEWqKmcWA4cOTLzFlfgvkiVxolk1k5bBIpmg==
  dependencies:
    stream-buffers "2.2.x"

bplist-parser@0.3.1:
  version "0.3.1"
  resolved "https://registry.yarnpkg.com/bplist-parser/-/bplist-parser-0.3.1.tgz#e1c90b2ca2a9f9474cc72f6862bbf3fee8341fd1"
  integrity sha512-PyJxiNtA5T2PlLIeBot4lbp7rj4OadzjnMZD/G5zuBNt8ei/yCU7+wW0h2bag9vr8c+/WuRWmSxbqAl9hL1rBA==
  dependencies:
    big-integer "1.6.x"

plist@^3.0.5:
  version "3.0.5"
  resolved "https://registry.yarnpkg.com/plist/-/plist-3.0.5.tgz#2cbeb52d10e3cdccccf0c11a63a85d830970a987"
  integrity sha512-83vX4eYdQp3vP9SxuYgEM/G/pJQqLUz/V/xzPrzruLs7fz7jxGQ1msZ/mg1nwZxUSuOp4sb+/bEIbRrbzZRxDA==
  dependencies:
    base64-js "^1.5.1"
    xmlbuilder "^9.0.7"

simple-plist@^1.1.0:
  version "1.3.1"
  resolved "https://registry.yarnpkg.com/simple-plist/-/simple-plist-1.3.1.tgz#16e1d8f62c6c9b691b8383127663d834112fb017"
  integrity sha512-iMSw5i0XseMnrhtIzRb7XpQEXepa9xhWxGUojHBL43SIpQuDQkh3Wpy67ZbDzZVr6EKxvwVChnVpdl8hEVLDiw==
  dependencies:
    bplist-creator "0.1.0"
    bplist-parser "0.3.1"
    plist "^3.0.5"

stream-buffers@2.2.x:
  version "2.2.0"
  resolved "https://registry.yarnpkg.com/stream-buffers/-/stream-buffers-2.2.0.tgz#91d5f5130d1cef96dcfa7f726945188741d09ee4"
  integrity sha1-kdX1Ew0c75bc+n9yaUUYh0HQnuQ=

xmlbuilder@^9.0.7:
  version "9.0.7"
  resolved "https://registry.yarnpkg.com/xmlbuilder/-/xmlbuilder-9.0.7.tgz#132ee63d2ec5565c557e20f4c22df9aca686b10d"
  integrity sha1-Ey7mPS7FVlxVfiD0wi35rKaGsQ0=
